
Microsoft Visual Studio Solution File, Format Version 12.00
# Visual Studio Version 17
VisualStudioVersion = 17.0.31903.59
MinimumVisualStudioVersion = 10.0.40219.1
Project("{FAE04EC0-301F-11D3-BF4B-00C04F79EFBC}") = "catalogo", "catalogo\catalogo.csproj", "{BE662C13-7E31-49BC-AE19-E316209A484F}"
EndProject
Project("{FAE04EC0-301F-11D3-BF4B-00C04F79EFBC}") = "reseñas", "reseñas\reseñas.csproj", "{F7AED821-CF4E-40D6-800B-00639F48EE7A}"
EndProject
Project("{FAE04EC0-301F-11D3-BF4B-00C04F79EFBC}") = "index", "index\index.csproj", "{622810A6-75A4-41CE-A6CE-4C588A12F0B6}"
EndProject
Project("{FAE04EC0-301F-11D3-BF4B-00C04F79EFBC}") = "promociones", "promociones\promociones.csproj", "{79D9B655-71A1-4133-B421-6AE504AA6CE5}"
EndProject
Global
	GlobalSection(SolutionConfigurationPlatforms) = preSolution
		Debug|Any CPU = Debug|Any CPU
		Release|Any CPU = Release|Any CPU
	EndGlobalSection
	GlobalSection(SolutionProperties) = preSolution
		HideSolutionNode = FALSE
	EndGlobalSection
	GlobalSection(ProjectConfigurationPlatforms) = postSolution
		{BE662C13-7E31-49BC-AE19-E316209A484F}.Debug|Any CPU.ActiveCfg = Debug|Any CPU
		{BE662C13-7E31-49BC-AE19-E316209A484F}.Debug|Any CPU.Build.0 = Debug|Any CPU
		{BE662C13-7E31-49BC-AE19-E316209A484F}.Release|Any CPU.ActiveCfg = Release|Any CPU
		{BE662C13-7E31-49BC-AE19-E316209A484F}.Release|Any CPU.Build.0 = Release|Any CPU
		{F7AED821-CF4E-40D6-800B-00639F48EE7A}.Debug|Any CPU.ActiveCfg = Debug|Any CPU
		{F7AED821-CF4E-40D6-800B-00639F48EE7A}.Debug|Any CPU.Build.0 = Debug|Any CPU
		{F7AED821-CF4E-40D6-800B-00639F48EE7A}.Release|Any CPU.ActiveCfg = Release|Any CPU
		{F7AED821-CF4E-40D6-800B-00639F48EE7A}.Release|Any CPU.Build.0 = Release|Any CPU
		{622810A6-75A4-41CE-A6CE-4C588A12F0B6}.Debug|Any CPU.ActiveCfg = Debug|Any CPU
		{622810A6-75A4-41CE-A6CE-4C588A12F0B6}.Debug|Any CPU.Build.0 = Debug|Any CPU
		{622810A6-75A4-41CE-A6CE-4C588A12F0B6}.Release|Any CPU.ActiveCfg = Release|Any CPU
		{622810A6-75A4-41CE-A6CE-4C588A12F0B6}.Release|Any CPU.Build.0 = Release|Any CPU
		{79D9B655-71A1-4133-B421-6AE504AA6CE5}.Debug|Any CPU.ActiveCfg = Debug|Any CPU
		{79D9B655-71A1-4133-B421-6AE504AA6CE5}.Debug|Any CPU.Build.0 = Debug|Any CPU
		{79D9B655-71A1-4133-B421-6AE504AA6CE5}.Release|Any CPU.ActiveCfg = Release|Any CPU
		{79D9B655-71A1-4133-B421-6AE504AA6CE5}.Release|Any CPU.Build.0 = Release|Any CPU
	EndGlobalSection
EndGlobal
